
Microsoft Visual Studio Solution File, Format Version 12.00
# Visual Studio Version 17
VisualStudioVersion = 17.6.33723.286
MinimumVisualStudioVersion = 10.0.40219.1
Project("{FAE04EC0-301F-11D3-BF4B-00C04F79EFBC}") = "ServiceConsole", "ServiceConsole\ServiceConsole.csproj", "{867AF94F-4109-453A-9F64-A214A5206060}"
EndProject
Project("{FAE04EC0-301F-11D3-BF4B-00C04F79EFBC}") = "ClientConsole1", "ClientConsole1\ClientConsole1.csproj", "{6F264B80-BC18-4D20-A6FD-301C09E5496D}"
EndProject
Global
	GlobalSection(SolutionConfigurationPlatforms) = preSolution
		Debug|Any CPU = Debug|Any CPU
		Release|Any CPU = Release|Any CPU
	EndGlobalSection
	GlobalSection(ProjectConfigurationPlatforms) = postSolution
		{867AF94F-4109-453A-9F64-A214A5206060}.Debug|Any CPU.ActiveCfg = Debug|Any CPU
		{867AF94F-4109-453A-9F64-A214A5206060}.Debug|Any CPU.Build.0 = Debug|Any CPU
		{867AF94F-4109-453A-9F64-A214A5206060}.Release|Any CPU.ActiveCfg = Release|Any CPU
		{867AF94F-4109-453A-9F64-A214A5206060}.Release|Any CPU.Build.0 = Release|Any CPU
		{6F264B80-BC18-4D20-A6FD-301C09E5496D}.Debug|Any CPU.ActiveCfg = Debug|Any CPU
		{6F264B80-BC18-4D20-A6FD-301C09E5496D}.Debug|Any CPU.Build.0 = Debug|Any CPU
		{6F264B80-BC18-4D20-A6FD-301C09E5496D}.Release|Any CPU.ActiveCfg = Release|Any CPU
		{6F264B80-BC18-4D20-A6FD-301C09E5496D}.Release|Any CPU.Build.0 = Release|Any CPU
	EndGlobalSection
	GlobalSection(SolutionProperties) = preSolution
		HideSolutionNode = FALSE
	EndGlobalSection
	GlobalSection(ExtensibilityGlobals) = postSolution
		SolutionGuid = {E6FB451E-1A8B-4E7A-A6BD-E00AD0E4B45F}
	EndGlobalSection
EndGlobal
